
Microsoft Visual Studio Solution File, Format Version 12.00
# Visual Studio Version 17
VisualStudioVersion = 17.12.35527.113 d17.12
MinimumVisualStudioVersion = 10.0.40219.1
Project("{FAE04EC0-301F-11D3-BF4B-00C04F79EFBC}") = "First Project", "Ass04-OOP\First Project.csproj", "{5164CA5C-4038-4B6F-9B9F-C75D44D7B2E6}"
EndProject
Project("{FAE04EC0-301F-11D3-BF4B-00C04F79EFBC}") = "Second Project", "Second Project\Second Project.csproj", "{82C9E61F-D41C-4340-B245-87E812F860AB}"
EndProject
Project("{FAE04EC0-301F-11D3-BF4B-00C04F79EFBC}") = "Third Project", "Third Project\Third Project.csproj", "{81DA2C38-E4B8-4D02-96E2-ED1DCBA945E4}"
EndProject
Global
	GlobalSection(SolutionConfigurationPlatforms) = preSolution
		Debug|Any CPU = Debug|Any CPU
		Release|Any CPU = Release|Any CPU
	EndGlobalSection
	GlobalSection(ProjectConfigurationPlatforms) = postSolution
		{5164CA5C-4038-4B6F-9B9F-C75D44D7B2E6}.Debug|Any CPU.ActiveCfg = Debug|Any CPU
		{5164CA5C-4038-4B6F-9B9F-C75D44D7B2E6}.Debug|Any CPU.Build.0 = Debug|Any CPU
		{5164CA5C-4038-4B6F-9B9F-C75D44D7B2E6}.Release|Any CPU.ActiveCfg = Release|Any CPU
		{5164CA5C-4038-4B6F-9B9F-C75D44D7B2E6}.Release|Any CPU.Build.0 = Release|Any CPU
		{82C9E61F-D41C-4340-B245-87E812F860AB}.Debug|Any CPU.ActiveCfg = Debug|Any CPU
		{82C9E61F-D41C-4340-B245-87E812F860AB}.Debug|Any CPU.Build.0 = Debug|Any CPU
		{82C9E61F-D41C-4340-B245-87E812F860AB}.Release|Any CPU.ActiveCfg = Release|Any CPU
		{82C9E61F-D41C-4340-B245-87E812F860AB}.Release|Any CPU.Build.0 = Release|Any CPU
		{81DA2C38-E4B8-4D02-96E2-ED1DCBA945E4}.Debug|Any CPU.ActiveCfg = Debug|Any CPU
		{81DA2C38-E4B8-4D02-96E2-ED1DCBA945E4}.Debug|Any CPU.Build.0 = Debug|Any CPU
		{81DA2C38-E4B8-4D02-96E2-ED1DCBA945E4}.Release|Any CPU.ActiveCfg = Release|Any CPU
		{81DA2C38-E4B8-4D02-96E2-ED1DCBA945E4}.Release|Any CPU.Build.0 = Release|Any CPU
	EndGlobalSection
	GlobalSection(SolutionProperties) = preSolution
		HideSolutionNode = FALSE
	EndGlobalSection
EndGlobal
